{
  "version": 4,
  "terraform_version": "1.1.4",
  "serial": 2,
  "lineage": "4f11b06c-7567-247e-f375-59d1f008e57d",
  "outputs": {
    "external_ip_address_node01_yandex_cloud": {
      "value": "84.201.158.156",
      "type": "string"
    },
    "internal_ip_address_node01_yandex_cloud": {
      "value": "192.168.101.25",
      "type": "string"
    }
  },
  "resources": [
    {
      "mode": "managed",
      "type": "yandex_compute_instance",
      "name": "node02",
      "provider": "provider[\"registry.terraform.io/yandex-cloud/yandex\"]",
      "instances": [
        {
          "schema_version": 1,
          "attributes": {
            "allow_stopping_for_update": true,
            "boot_disk": [
              {
                "auto_delete": true,
                "device_name": "fhm6dhcvolrl52obq9td",
                "disk_id": "fhm6dhcvolrl52obq9td",
                "initialize_params": [
                  {
                    "block_size": 4096,
                    "description": "",
                    "image_id": "fd8mf93iqiaqeeuguf3i",
                    "name": "root-node02",
                    "size": 50,
                    "snapshot_id": "",
                    "type": "network-ssd"
                  }
                ],
                "mode": "READ_WRITE"
              }
            ],
            "created_at": "2022-02-03T16:49:23Z",
            "description": "",
            "folder_id": "b1g4p12mos2b6efiud6c",
            "fqdn": "node02.netology.cloud",
            "hostname": "node02",
            "id": "fhmgr6uvcoddbc798071",
            "labels": null,
            "metadata": {
              "ssh-keys": "centos:ssh-rsa AAAAB3NzaC1yc2EAAAADAQABAAABgQCj/5i9hjBIcfM7slx1K/vaQTf4m6X+54baOqD0vx79nfOmvoo40pCbadIMRzOhXfr6RXisb6WEy7ETNkXNHhFMFrSPg2tupIjY5GXj5EL1LV4ePkZvgjluIOKjHtGgS7EuD/w7w+aR2qO2/mxA49PayPNHkpjygzDAvJzxrz9UMZjfV8iOV2gULss1D9KV7y5qyCqI+LqO9twm48ra8lJjVDZcQVXJvUOs87UMBJ4UfNeqtyo1s5f2cBk5n0Ghrwa8p3CzNu8YWIIrSV+jEzIMKqLpsSbLC01CytqgSIX9doWCN0sIGDcWkkqV5L200vCcv3esTKZsr7h1Wj6ts2LDcePoHswdUzNaYWkISY+ulMheY50IN8s2XHyG1C0qSh9af+/sYPquM/CqrShPJfYogdf27HJq9dEaRLdFqYIgTtC+Vq59qlFkKNGmKpto5gaEqlgyX4BGQsZ8+RpaJ+QgVp9j3VUlOhaA8+20MZw8owd2XC8Ul/IIj6/9zF3R2kU= user@WS-045\n"
            },
            "name": "node02",
            "network_acceleration_type": "standard",
            "network_interface": [
              {
                "dns_record": [],
                "index": 0,
                "ip_address": "192.168.101.25",
                "ipv4": true,
                "ipv6": false,
                "ipv6_address": "",
                "ipv6_dns_record": [],
                "mac_address": "d0:0d:10:d9:bd:f6",
                "nat": true,
                "nat_dns_record": [],
                "nat_ip_address": "84.201.158.156",
                "nat_ip_version": "IPV4",
                "security_group_ids": [],
                "subnet_id": "e9bcoheuq91d0ffuhmbt"
              }
            ],
            "placement_policy": [
              {
                "placement_group_id": ""
              }
            ],
            "platform_id": "standard-v1",
            "resources": [
              {
                "core_fraction": 100,
                "cores": 8,
                "gpus": 0,
                "memory": 8
              }
            ],
            "scheduling_policy": [
              {
                "preemptible": false
              }
            ],
            "secondary_disk": [],
            "service_account_id": "",
            "status": "running",
            "timeouts": null,
            "zone": "ru-central1-a"
          },
          "sensitive_attributes": [],
          "private": "eyJlMmJmYjczMC1lY2FhLTExZTYtOGY4OC0zNDM2M2JjN2M0YzAiOnsiY3JlYXRlIjozMDAwMDAwMDAwMDAsImRlbGV0ZSI6MzAwMDAwMDAwMDAwLCJ1cGRhdGUiOjMwMDAwMDAwMDAwMH0sInNjaGVtYV92ZXJzaW9uIjoiMSJ9"
        }
      ]
    }
  ]
}
